
Microsoft Visual Studio Solution File, Format Version 12.00
# Visual Studio Version 16
VisualStudioVersion = 16.0.31005.135
MinimumVisualStudioVersion = 10.0.40219.1
Project("{FAE04EC0-301F-11D3-BF4B-00C04F79EFBC}") = "Abstraction", "Abstraction\Abstraction.csproj", "{419118A0-86EB-409D-91AD-DC49F678666F}"
EndProject
Global
	GlobalSection(SolutionConfigurationPlatforms) = preSolution
		Debug|Any CPU = Debug|Any CPU
		Release|Any CPU = Release|Any CPU
	EndGlobalSection
	GlobalSection(ProjectConfigurationPlatforms) = postSolution
		{419118A0-86EB-409D-91AD-DC49F678666F}.Debug|Any CPU.ActiveCfg = Debug|Any CPU
		{419118A0-86EB-409D-91AD-DC49F678666F}.Debug|Any CPU.Build.0 = Debug|Any CPU
		{419118A0-86EB-409D-91AD-DC49F678666F}.Release|Any CPU.ActiveCfg = Release|Any CPU
		{419118A0-86EB-409D-91AD-DC49F678666F}.Release|Any CPU.Build.0 = Release|Any CPU
	EndGlobalSection
	GlobalSection(SolutionProperties) = preSolution
		HideSolutionNode = FALSE
	EndGlobalSection
	GlobalSection(ExtensibilityGlobals) = postSolution
		SolutionGuid = {FAA2D821-3FA0-4301-9755-BB79395EBD5E}
	EndGlobalSection
EndGlobal
